
Microsoft Visual Studio Solution File, Format Version 12.00
# Visual Studio Version 17
VisualStudioVersion = 17.3.32929.385
MinimumVisualStudioVersion = 10.0.40219.1
Project("{9A19103F-16F7-4668-BE54-9A1E7A4F7556}") = "TimeSeries", "TimeSeries\TimeSeries.csproj", "{59EAD817-EBAF-47A2-A05D-5B7B8FDBA462}"
EndProject
Project("{9A19103F-16F7-4668-BE54-9A1E7A4F7556}") = "TimeSeries.Tests", "TimeSeries.Tests\TimeSeries.Tests.csproj", "{5A9D7E55-F55F-4BFF-B55C-D8C64A868DC6}"
EndProject
Project("{FAE04EC0-301F-11D3-BF4B-00C04F79EFBC}") = "TimeSeries.Benchmarks", "TimeSeries.Benchmarks\TimeSeries.Benchmarks.csproj", "{9DF334EF-118D-42C1-BF12-909358FBD027}"
EndProject
Global
	GlobalSection(SolutionConfigurationPlatforms) = preSolution
		Debug|Any CPU = Debug|Any CPU
		Release|Any CPU = Release|Any CPU
	EndGlobalSection
	GlobalSection(ProjectConfigurationPlatforms) = postSolution
		{59EAD817-EBAF-47A2-A05D-5B7B8FDBA462}.Debug|Any CPU.ActiveCfg = Debug|Any CPU
		{59EAD817-EBAF-47A2-A05D-5B7B8FDBA462}.Debug|Any CPU.Build.0 = Debug|Any CPU
		{59EAD817-EBAF-47A2-A05D-5B7B8FDBA462}.Release|Any CPU.ActiveCfg = Release|Any CPU
		{59EAD817-EBAF-47A2-A05D-5B7B8FDBA462}.Release|Any CPU.Build.0 = Release|Any CPU
		{5A9D7E55-F55F-4BFF-B55C-D8C64A868DC6}.Debug|Any CPU.ActiveCfg = Debug|Any CPU
		{5A9D7E55-F55F-4BFF-B55C-D8C64A868DC6}.Debug|Any CPU.Build.0 = Debug|Any CPU
		{5A9D7E55-F55F-4BFF-B55C-D8C64A868DC6}.Release|Any CPU.ActiveCfg = Release|Any CPU
		{5A9D7E55-F55F-4BFF-B55C-D8C64A868DC6}.Release|Any CPU.Build.0 = Release|Any CPU
		{9DF334EF-118D-42C1-BF12-909358FBD027}.Debug|Any CPU.ActiveCfg = Debug|Any CPU
		{9DF334EF-118D-42C1-BF12-909358FBD027}.Debug|Any CPU.Build.0 = Debug|Any CPU
		{9DF334EF-118D-42C1-BF12-909358FBD027}.Release|Any CPU.ActiveCfg = Release|Any CPU
		{9DF334EF-118D-42C1-BF12-909358FBD027}.Release|Any CPU.Build.0 = Release|Any CPU
	EndGlobalSection
	GlobalSection(SolutionProperties) = preSolution
		HideSolutionNode = FALSE
	EndGlobalSection
	GlobalSection(ExtensibilityGlobals) = postSolution
		SolutionGuid = {C7C14D01-5526-416A-9689-E6A0BE93A625}
	EndGlobalSection
EndGlobal
